
Microsoft Visual Studio Solution File, Format Version 12.00
# Visual Studio Version 17
VisualStudioVersion = 17.14.36221.1 d17.14
MinimumVisualStudioVersion = 10.0.40219.1
Project("{FAE04EC0-301F-11D3-BF4B-00C04F79EFBC}") = "Airport Ticket Booking System", "Airport Ticket Booking System.csproj", "{4382A321-AD64-4CD7-A146-0136361C54F8}"
EndProject
Global
	GlobalSection(SolutionConfigurationPlatforms) = preSolution
		Debug|Any CPU = Debug|Any CPU
		Release|Any CPU = Release|Any CPU
	EndGlobalSection
	GlobalSection(ProjectConfigurationPlatforms) = postSolution
		{4382A321-AD64-4CD7-A146-0136361C54F8}.Debug|Any CPU.ActiveCfg = Debug|Any CPU
		{4382A321-AD64-4CD7-A146-0136361C54F8}.Debug|Any CPU.Build.0 = Debug|Any CPU
		{4382A321-AD64-4CD7-A146-0136361C54F8}.Release|Any CPU.ActiveCfg = Release|Any CPU
		{4382A321-AD64-4CD7-A146-0136361C54F8}.Release|Any CPU.Build.0 = Release|Any CPU
	EndGlobalSection
	GlobalSection(SolutionProperties) = preSolution
		HideSolutionNode = FALSE
	EndGlobalSection
	GlobalSection(ExtensibilityGlobals) = postSolution
		SolutionGuid = {0923F01C-343A-4A04-857E-2ADA13F6FB8A}
	EndGlobalSection
EndGlobal
